
Microsoft Visual Studio Solution File, Format Version 12.00
# Visual Studio 15
VisualStudioVersion = 15.0.28010.2026
MinimumVisualStudioVersion = 10.0.40219.1
Project("{FAE04EC0-301F-11D3-BF4B-00C04F79EFBC}") = "ButterCMS", "ButterCMS\ButterCMS.csproj", "{CF0E87C6-2C09-467B-B437-EE31A0F25B66}"
EndProject
Project("{FAE04EC0-301F-11D3-BF4B-00C04F79EFBC}") = "ButterCMS.Tests", "ButterCMS.Tests\ButterCMS.Tests.csproj", "{99C8386E-A881-4704-9312-32CA34C36F15}"
EndProject
Global
	GlobalSection(SolutionConfigurationPlatforms) = preSolution
		Debug|Any CPU = Debug|Any CPU
		Release|Any CPU = Release|Any CPU
	EndGlobalSection
	GlobalSection(ProjectConfigurationPlatforms) = postSolution
		{CF0E87C6-2C09-467B-B437-EE31A0F25B66}.Debug|Any CPU.ActiveCfg = Debug|Any CPU
		{CF0E87C6-2C09-467B-B437-EE31A0F25B66}.Debug|Any CPU.Build.0 = Debug|Any CPU
		{CF0E87C6-2C09-467B-B437-EE31A0F25B66}.Release|Any CPU.ActiveCfg = Release|Any CPU
		{CF0E87C6-2C09-467B-B437-EE31A0F25B66}.Release|Any CPU.Build.0 = Release|Any CPU
		{99C8386E-A881-4704-9312-32CA34C36F15}.Debug|Any CPU.ActiveCfg = Debug|Any CPU
		{99C8386E-A881-4704-9312-32CA34C36F15}.Debug|Any CPU.Build.0 = Debug|Any CPU
		{99C8386E-A881-4704-9312-32CA34C36F15}.Release|Any CPU.ActiveCfg = Release|Any CPU
		{99C8386E-A881-4704-9312-32CA34C36F15}.Release|Any CPU.Build.0 = Release|Any CPU
	EndGlobalSection
	GlobalSection(SolutionProperties) = preSolution
		HideSolutionNode = FALSE
	EndGlobalSection
	GlobalSection(ExtensibilityGlobals) = postSolution
		SolutionGuid = {6487E625-3231-4EAB-8F48-04DD166D7857}
	EndGlobalSection
EndGlobal
